<?xml version="1.0" encoding="utf-8"?>
<Project ToolsVersion="4.0" xmlns="http://schemas.microsoft.com/developer/msbuild/2003">
  <ItemGroup>
    <Filter Include="소스 파일">
      <UniqueIdentifier>{4FC737F1-C7A5-4376-A066-2A32D752A2FF}</UniqueIdentifier>
      <Extensions>cpp;c;cc;cxx;c++;cppm;ixx;def;odl;idl;hpj;bat;asm;asmx</Extensions>
    </Filter>
    <Filter Include="헤더 파일">
      <UniqueIdentifier>{93995380-89BD-4b04-88EB-625FBE52EBFB}</UniqueIdentifier>
      <Extensions>h;hh;hpp;hxx;h++;hm;inl;inc;ipp;xsd</Extensions>
    </Filter>
    <Filter Include="리소스 파일">
      <UniqueIdentifier>{67DA6AB6-F800-4c08-8B7A-83BB121AAD01}</UniqueIdentifier>
      <Extensions>rc;ico;cur;bmp;dlg;rc2;rct;bin;rgs;gif;jpg;jpeg;jpe;resx;tiff;tif;png;wav;mfcribbon-ms</Extensions>
    </Filter>
    <Filter Include="몬스터">
      <UniqueIdentifier>{87de5a45-8e48-4847-8540-986b54f6c31d}</UniqueIdentifier>
    </Filter>
    <Filter Include="동물">
      <UniqueIdentifier>{af80665e-780f-4d23-8d2e-c0ec1ec5e7d2}</UniqueIdentifier>
    </Filter>
    <Filter Include="미로">
      <UniqueIdentifier>{da32edb5-eb43-4e93-9b58-5adde38f9cf9}</UniqueIdentifier>
    </Filter>
    <Filter Include="모양">
      <UniqueIdentifier>{29814158-e593-4aab-a9af-bdb23ebf8f06}</UniqueIdentifier>
    </Filter>
    <Filter Include="자료구조">
      <UniqueIdentifier>{45c2b292-cea8-4edf-86c9-7e6b7a33aac5}</UniqueIdentifier>
    </Filter>
  </ItemGroup>
  <ItemGroup>
    <ClCompile Include="KSH01.cpp">
      <Filter>소스 파일</Filter>
    </ClCompile>
    <ClCompile Include="test.cpp">
      <Filter>소스 파일</Filter>
    </ClCompile>
    <ClCompile Include="practice_0905.cpp">
      <Filter>소스 파일</Filter>
    </ClCompile>
    <ClCompile Include="0906weekendPra.cpp">
      <Filter>소스 파일</Filter>
    </ClCompile>
    <ClCompile Include="practice_0908.cpp">
      <Filter>소스 파일</Filter>
    </ClCompile>
    <ClCompile Include="practice0909.cpp">
      <Filter>소스 파일</Filter>
    </ClCompile>
    <ClCompile Include="practice0910.cpp">
      <Filter>소스 파일</Filter>
    </ClCompile>
    <ClCompile Include="practice0912.cpp">
      <Filter>소스 파일</Filter>
    </ClCompile>
    <ClCompile Include="weekendpra0912.cpp">
      <Filter>소스 파일</Filter>
    </ClCompile>
    <ClCompile Include="practice0915.cpp">
      <Filter>소스 파일</Filter>
    </ClCompile>
    <ClCompile Include="practice0916.cpp">
      <Filter>소스 파일</Filter>
    </ClCompile>
    <ClCompile Include="Animal.cpp">
      <Filter>동물</Filter>
    </ClCompile>
    <ClCompile Include="Tiger.cpp">
      <Filter>동물</Filter>
    </ClCompile>
    <ClCompile Include="Eagle.cpp">
      <Filter>동물</Filter>
    </ClCompile>
    <ClCompile Include="Whale.cpp">
      <Filter>동물</Filter>
    </ClCompile>
    <ClCompile Include="Horse.cpp">
      <Filter>동물</Filter>
    </ClCompile>
    <ClCompile Include="Monster.cpp">
      <Filter>몬스터</Filter>
    </ClCompile>
    <ClCompile Include="Oak.cpp">
      <Filter>몬스터</Filter>
    </ClCompile>
    <ClCompile Include="Skeleton.cpp">
      <Filter>몬스터</Filter>
    </ClCompile>
    <ClCompile Include="Zombie.cpp">
      <Filter>몬스터</Filter>
    </ClCompile>
    <ClCompile Include="Car.cpp">
      <Filter>소스 파일</Filter>
    </ClCompile>
    <ClCompile Include="practice0911.cpp">
      <Filter>미로</Filter>
    </ClCompile>
    <ClCompile Include="Player.cpp">
      <Filter>소스 파일</Filter>
    </ClCompile>
    <ClCompile Include="practice0917.cpp">
      <Filter>소스 파일</Filter>
    </ClCompile>
    <ClCompile Include="Shape.cpp">
      <Filter>모양</Filter>
    </ClCompile>
    <ClCompile Include="Goblin.cpp">
      <Filter>소스 파일</Filter>
    </ClCompile>
    <ClCompile Include="Actor.cpp">
      <Filter>몬스터</Filter>
    </ClCompile>
    <ClCompile Include="GameManager.cpp">
      <Filter>미로</Filter>
    </ClCompile>
    <ClCompile Include="practice0918.cpp">
      <Filter>자료구조</Filter>
    </ClCompile>
    <ClCompile Include="LinkedList.cpp">
      <Filter>자료구조</Filter>
    </ClCompile>
    <ClCompile Include="DoubleLinkedList.cpp">
      <Filter>자료구조</Filter>
    </ClCompile>
    <ClCompile Include="practice0919.cpp">
      <Filter>소스 파일</Filter>
    </ClCompile>
    <ClCompile Include="FIxedStack.cpp">
      <Filter>자료구조</Filter>
    </ClCompile>
    <ClCompile Include="CircularQueue.cpp">
      <Filter>자료구조</Filter>
    </ClCompile>
    <ClCompile Include="CircularQueue2.cpp">
      <Filter>자료구조</Filter>
    </ClCompile>
    <ClCompile Include="Weekend0920.cpp">
      <Filter>소스 파일</Filter>
    </ClCompile>
    <ClCompile Include="Battleship.cpp">
      <Filter>소스 파일</Filter>
    </ClCompile>
  </ItemGroup>
  <ItemGroup>
    <ClInclude Include="test.h">
      <Filter>헤더 파일</Filter>
    </ClInclude>
    <ClInclude Include="practice_0905.h">
      <Filter>헤더 파일</Filter>
    </ClInclude>
    <ClInclude Include="0906weekendPra.h">
      <Filter>헤더 파일</Filter>
    </ClInclude>
    <ClInclude Include="practice_0908.h">
      <Filter>헤더 파일</Filter>
    </ClInclude>
    <ClInclude Include="practice0909.h">
      <Filter>헤더 파일</Filter>
    </ClInclude>
    <ClInclude Include="practice0910.h">
      <Filter>헤더 파일</Filter>
    </ClInclude>
    <ClInclude Include="practice0912.h">
      <Filter>헤더 파일</Filter>
    </ClInclude>
    <ClInclude Include="weekendpra0912.h">
      <Filter>헤더 파일</Filter>
    </ClInclude>
    <ClInclude Include="practice0915.h">
      <Filter>헤더 파일</Filter>
    </ClInclude>
    <ClInclude Include="practice0916.h">
      <Filter>헤더 파일</Filter>
    </ClInclude>
    <ClInclude Include="Car.h">
      <Filter>헤더 파일</Filter>
    </ClInclude>
    <ClInclude Include="Tiger.h">
      <Filter>동물</Filter>
    </ClInclude>
    <ClInclude Include="Animal.h">
      <Filter>동물</Filter>
    </ClInclude>
    <ClInclude Include="Eagle.h">
      <Filter>동물</Filter>
    </ClInclude>
    <ClInclude Include="Whale.h">
      <Filter>동물</Filter>
    </ClInclude>
    <ClInclude Include="Monster.h">
      <Filter>몬스터</Filter>
    </ClInclude>
    <ClInclude Include="Horse.h">
      <Filter>동물</Filter>
    </ClInclude>
    <ClInclude Include="Goblin.h">
      <Filter>몬스터</Filter>
    </ClInclude>
    <ClInclude Include="Oak.h">
      <Filter>몬스터</Filter>
    </ClInclude>
    <ClInclude Include="Skeleton.h">
      <Filter>몬스터</Filter>
    </ClInclude>
    <ClInclude Include="Zombie.h">
      <Filter>몬스터</Filter>
    </ClInclude>
    <ClInclude Include="practice0911.h">
      <Filter>미로</Filter>
    </ClInclude>
    <ClInclude Include="Player.h">
      <Filter>헤더 파일</Filter>
    </ClInclude>
    <ClInclude Include="practice0917.h">
      <Filter>헤더 파일</Filter>
    </ClInclude>
    <ClInclude Include="Shape.h">
      <Filter>모양</Filter>
    </ClInclude>
    <ClInclude Include="IFlyable.h">
      <Filter>동물</Filter>
    </ClInclude>
    <ClInclude Include="ISwimable.h">
      <Filter>동물</Filter>
    </ClInclude>
    <ClInclude Include="Actor.h">
      <Filter>몬스터</Filter>
    </ClInclude>
    <ClInclude Include="IBattle.h">
      <Filter>몬스터</Filter>
    </ClInclude>
    <ClInclude Include="GameManager.h">
      <Filter>미로</Filter>
    </ClInclude>
    <ClInclude Include="practice0918.h">
      <Filter>자료구조</Filter>
    </ClInclude>
    <ClInclude Include="LinkedList.h">
      <Filter>자료구조</Filter>
    </ClInclude>
    <ClInclude Include="DoubleLinkedList.h">
      <Filter>자료구조</Filter>
    </ClInclude>
    <ClInclude Include="practice0919.h">
      <Filter>헤더 파일</Filter>
    </ClInclude>
    <ClInclude Include="FIxedStack.h">
      <Filter>자료구조</Filter>
    </ClInclude>
    <ClInclude Include="CircularQueue.h">
      <Filter>자료구조</Filter>
    </ClInclude>
    <ClInclude Include="CircularQueue2.h">
      <Filter>자료구조</Filter>
    </ClInclude>
    <ClInclude Include="Weekend0920.h">
      <Filter>헤더 파일</Filter>
    </ClInclude>
    <ClInclude Include="Battleship.h">
      <Filter>헤더 파일</Filter>
    </ClInclude>
  </ItemGroup>
</Project>